
Microsoft Visual Studio Solution File, Format Version 12.00
# Visual Studio Version 16
VisualStudioVersion = 16.0.29905.134
MinimumVisualStudioVersion = 10.0.40219.1
Project("{9A19103F-16F7-4668-BE54-9A1E7A4F7556}") = "Lect5.Greeting", "Lect5.Greeting\Lect5.Greeting.csproj", "{FB08B3AA-D59D-44CB-AFD9-ED4C6178A4EF}"
EndProject
Project("{9A19103F-16F7-4668-BE54-9A1E7A4F7556}") = "Lect5.LetterA", "Lect5.LetterA\Lect5.LetterA.csproj", "{D36B931F-43BE-48A1-9519-F6E90DFEDEF2}"
EndProject
Project("{9A19103F-16F7-4668-BE54-9A1E7A4F7556}") = "Lect7", "Lect7\Lect7.csproj", "{8EC1B2CC-FF7E-47BC-A51F-510289F865B9}"
EndProject
Project("{FAE04EC0-301F-11D3-BF4B-00C04F79EFBC}") = "Lect12.Task", "Lect12.Task\Lect12.Task.csproj", "{C0A1231B-9A85-4B71-B34A-407BB1C90BF4}"
EndProject
Global
	GlobalSection(SolutionConfigurationPlatforms) = preSolution
		Debug|Any CPU = Debug|Any CPU
		Release|Any CPU = Release|Any CPU
	EndGlobalSection
	GlobalSection(ProjectConfigurationPlatforms) = postSolution
		{FB08B3AA-D59D-44CB-AFD9-ED4C6178A4EF}.Debug|Any CPU.ActiveCfg = Debug|Any CPU
		{FB08B3AA-D59D-44CB-AFD9-ED4C6178A4EF}.Debug|Any CPU.Build.0 = Debug|Any CPU
		{FB08B3AA-D59D-44CB-AFD9-ED4C6178A4EF}.Release|Any CPU.ActiveCfg = Release|Any CPU
		{FB08B3AA-D59D-44CB-AFD9-ED4C6178A4EF}.Release|Any CPU.Build.0 = Release|Any CPU
		{D36B931F-43BE-48A1-9519-F6E90DFEDEF2}.Debug|Any CPU.ActiveCfg = Debug|Any CPU
		{D36B931F-43BE-48A1-9519-F6E90DFEDEF2}.Debug|Any CPU.Build.0 = Debug|Any CPU
		{D36B931F-43BE-48A1-9519-F6E90DFEDEF2}.Release|Any CPU.ActiveCfg = Release|Any CPU
		{D36B931F-43BE-48A1-9519-F6E90DFEDEF2}.Release|Any CPU.Build.0 = Release|Any CPU
		{8EC1B2CC-FF7E-47BC-A51F-510289F865B9}.Debug|Any CPU.ActiveCfg = Debug|Any CPU
		{8EC1B2CC-FF7E-47BC-A51F-510289F865B9}.Debug|Any CPU.Build.0 = Debug|Any CPU
		{8EC1B2CC-FF7E-47BC-A51F-510289F865B9}.Release|Any CPU.ActiveCfg = Release|Any CPU
		{8EC1B2CC-FF7E-47BC-A51F-510289F865B9}.Release|Any CPU.Build.0 = Release|Any CPU
		{C0A1231B-9A85-4B71-B34A-407BB1C90BF4}.Debug|Any CPU.ActiveCfg = Debug|Any CPU
		{C0A1231B-9A85-4B71-B34A-407BB1C90BF4}.Debug|Any CPU.Build.0 = Debug|Any CPU
		{C0A1231B-9A85-4B71-B34A-407BB1C90BF4}.Release|Any CPU.ActiveCfg = Release|Any CPU
		{C0A1231B-9A85-4B71-B34A-407BB1C90BF4}.Release|Any CPU.Build.0 = Release|Any CPU
	EndGlobalSection
	GlobalSection(SolutionProperties) = preSolution
		HideSolutionNode = FALSE
	EndGlobalSection
	GlobalSection(ExtensibilityGlobals) = postSolution
		SolutionGuid = {8AE06B68-6866-4145-970E-6528CC7A3B04}
	EndGlobalSection
EndGlobal
