
Microsoft Visual Studio Solution File, Format Version 12.00
# Visual Studio Version 16
VisualStudioVersion = 16.0.29905.134
MinimumVisualStudioVersion = 10.0.40219.1
Project("{FAE04EC0-301F-11D3-BF4B-00C04F79EFBC}") = "Task2", "Task2\Task2.csproj", "{B40A8F5B-11DA-4AEC-870F-AE909A6F16C6}"
EndProject
Global
	GlobalSection(SolutionConfigurationPlatforms) = preSolution
		Debug|Any CPU = Debug|Any CPU
		Release|Any CPU = Release|Any CPU
	EndGlobalSection
	GlobalSection(ProjectConfigurationPlatforms) = postSolution
		{B40A8F5B-11DA-4AEC-870F-AE909A6F16C6}.Debug|Any CPU.ActiveCfg = Debug|Any CPU
		{B40A8F5B-11DA-4AEC-870F-AE909A6F16C6}.Debug|Any CPU.Build.0 = Debug|Any CPU
		{B40A8F5B-11DA-4AEC-870F-AE909A6F16C6}.Release|Any CPU.ActiveCfg = Release|Any CPU
		{B40A8F5B-11DA-4AEC-870F-AE909A6F16C6}.Release|Any CPU.Build.0 = Release|Any CPU
	EndGlobalSection
	GlobalSection(SolutionProperties) = preSolution
		HideSolutionNode = FALSE
	EndGlobalSection
	GlobalSection(ExtensibilityGlobals) = postSolution
		SolutionGuid = {B3AC38C5-2C38-477F-A139-351A79F2E8B6}
	EndGlobalSection
EndGlobal
